
Microsoft Visual Studio Solution File, Format Version 12.00
# Visual Studio Version 16
VisualStudioVersion = 16.0.31229.75
MinimumVisualStudioVersion = 10.0.40219.1
Project("{FAE04EC0-301F-11D3-BF4B-00C04F79EFBC}") = "MyFirstMS", "MyFirstMS\MyFirstMS.csproj", "{2D3C4465-C9C5-48DA-9596-A6705DF011EC}"
EndProject
Global
	GlobalSection(SolutionConfigurationPlatforms) = preSolution
		Debug|Any CPU = Debug|Any CPU
		Release|Any CPU = Release|Any CPU
	EndGlobalSection
	GlobalSection(ProjectConfigurationPlatforms) = postSolution
		{2D3C4465-C9C5-48DA-9596-A6705DF011EC}.Debug|Any CPU.ActiveCfg = Debug|Any CPU
		{2D3C4465-C9C5-48DA-9596-A6705DF011EC}.Debug|Any CPU.Build.0 = Debug|Any CPU
		{2D3C4465-C9C5-48DA-9596-A6705DF011EC}.Release|Any CPU.ActiveCfg = Release|Any CPU
		{2D3C4465-C9C5-48DA-9596-A6705DF011EC}.Release|Any CPU.Build.0 = Release|Any CPU
	EndGlobalSection
	GlobalSection(SolutionProperties) = preSolution
		HideSolutionNode = FALSE
	EndGlobalSection
	GlobalSection(ExtensibilityGlobals) = postSolution
		SolutionGuid = {FCF1D8CB-6DD3-476D-8766-8256C13518B4}
	EndGlobalSection
EndGlobal
